{"version":4,"terraform_version":"1.10.6","serial":1,"lineage":"64470cfd-be4d-2278-4410-ffbc872cffc3","outputs":{},"resources":[{"module":"module.cognito","mode":"managed","type":"aws_cognito_user_pool","name":"pool","provider":"provider[\"registry.opentofu.org/hashicorp/aws\"]","instances":[{"schema_version":0,"attributes":{"account_recovery_setting":[{"recovery_mechanism":[{"name":"verified_email","priority":1},{"name":"verified_phone_number","priority":2}]}],"admin_create_user_config":[{"allow_admin_create_user_only":false,"invite_message_template":[]}],"alias_attributes":null,"arn":"arn:aws:cognito-idp:us-east-1:637271283041:userpool/us-east-1_6f9fzGL5q","auto_verified_attributes":null,"creation_date":"2025-11-07T16:20:45Z","custom_domain":"","deletion_protection":"INACTIVE","device_configuration":[],"domain":"","email_configuration":[{"configuration_set":"","email_sending_account":"COGNITO_DEFAULT","from_email_address":"","reply_to_email_address":"","source_arn":""}],"email_mfa_configuration":[],"email_verification_message":"","email_verification_subject":"","endpoint":"cognito-idp.us-east-1.amazonaws.com/us-east-1_6f9fzGL5q","estimated_number_of_users":0,"id":"us-east-1_6f9fzGL5q","lambda_config":[],"last_modified_date":"2025-11-07T16:20:45Z","mfa_configuration":"OFF","name":"base-test","password_policy":[{"minimum_length":8,"password_history_size":0,"require_lowercase":true,"require_numbers":true,"require_symbols":true,"require_uppercase":true,"temporary_password_validity_days":7}],"region":"us-east-1","schema":[],"sign_in_policy":[{"allowed_first_auth_factors":["PASSWORD"]}],"sms_authentication_message":"","sms_configuration":[],"sms_verification_message":"","software_token_mfa_configuration":[],"tags":null,"tags_all":{"Billing":"tf-integration-test","Environment":"tf-integration-test"},"user_attribute_update_settings":[],"user_pool_add_ons":[],"user_pool_tier":"ESSENTIALS","username_attributes":null,"username_configuration":[],"verification_message_template":[{"default_email_option":"CONFIRM_WITH_CODE","email_message":"","email_message_by_link":"","email_subject":"","email_subject_by_link":"","sms_message":""}],"web_authn_configuration":[]},"sensitive_attributes":[],"private":"bnVsbA=="}]}],"check_results":null}
