{"version":4,"terraform_version":"1.10.6","serial":11,"lineage":"f11dfdd4-4aaf-9dac-9d6f-01c147e8963b","outputs":{},"resources":[{"module":"module.rds_instance_db","mode":"managed","type":"aws_db_instance","name":"db","provider":"provider[\"registry.opentofu.org/hashicorp/aws\"]","instances":[{"schema_version":2,"attributes":{"address":"rds-instance-test.cx4rfqzuzafj.us-east-1.rds.amazonaws.com","allocated_storage":20,"allow_major_version_upgrade":false,"apply_immediately":false,"arn":"arn:aws:rds:us-east-1:637271283041:db:rds-instance-test","auto_minor_version_upgrade":false,"availability_zone":"us-east-1b","backup_retention_period":7,"backup_target":"region","backup_window":"04:00-06:00","blue_green_update":[],"ca_cert_identifier":"rds-ca-rsa2048-g1","character_set_name":"","copy_tags_to_snapshot":false,"custom_iam_instance_profile":"","customer_owned_ip_enabled":false,"database_insights_mode":"standard","db_name":"","db_subnet_group_name":"rds-instance-test","dedicated_log_volume":false,"delete_automated_backups":true,"deletion_protection":false,"domain":"","domain_auth_secret_arn":"","domain_dns_ips":[],"domain_fqdn":"","domain_iam_role_name":"","domain_ou":"","enabled_cloudwatch_logs_exports":[],"endpoint":"rds-instance-test.cx4rfqzuzafj.us-east-1.rds.amazonaws.com:5432","engine":"postgres","engine_lifecycle_support":"open-source-rds-extended-support","engine_version":"18.3","engine_version_actual":"18.3","final_snapshot_identifier":null,"hosted_zone_id":"Z2R2ITUGPM61AM","iam_database_authentication_enabled":false,"id":"db-C2NAYGXIDHFN6RJ2QWOR57WAHE","identifier":"rds-instance-test","identifier_prefix":"","instance_class":"db.t3.medium","iops":0,"kms_key_id":"arn:aws:kms:us-east-1:637271283041:key/dfd949fb-da3b-4b76-bfcd-559a2367c618","latest_restorable_time":"2026-04-26T18:39:30Z","license_model":"postgresql-license","listener_endpoint":[],"maintenance_window":"fri:02:00-fri:04:00","manage_master_user_password":null,"master_user_secret":[],"master_user_secret_kms_key_id":null,"max_allocated_storage":0,"monitoring_interval":0,"monitoring_role_arn":"","multi_az":true,"nchar_character_set_name":"","network_type":"IPV4","option_group_name":"default:postgres-18","parameter_group_name":"test","password":"0h-Pl3453-Change-Th!s","password_wo":null,"password_wo_version":null,"performance_insights_enabled":false,"performance_insights_kms_key_id":"","performance_insights_retention_period":0,"port":5432,"publicly_accessible":false,"region":"us-east-1","replica_mode":"","replicas":[],"replicate_source_db":"","resource_id":"db-C2NAYGXIDHFN6RJ2QWOR57WAHE","restore_to_point_in_time":[],"s3_import":[],"skip_final_snapshot":false,"snapshot_identifier":null,"status":"available","storage_encrypted":true,"storage_throughput":0,"storage_type":"gp2","tags":{},"tags_all":{"Billing":"tf-integration-test","Environment":"tf-integration-test"},"timeouts":null,"timezone":"","upgrade_rollout_order":"second","upgrade_storage_config":null,"username":"main","vpc_security_group_ids":["sg-00c5550b52600d2f8"]},"sensitive_attributes":[[{"type":"get_attr","value":"password_wo"}],[{"type":"get_attr","value":"password"}]],"private":"eyJlMmJmYjczMC1lY2FhLTExZTYtOGY4OC0zNDM2M2JjN2M0YzAiOnsiY3JlYXRlIjozMDAwMDAwMDAwMDAwLCJkZWxldGUiOjM2MDAwMDAwMDAwMDAsInVwZGF0ZSI6NDgwMDAwMDAwMDAwMH0sInNjaGVtYV92ZXJzaW9uIjoiMiJ9","dependencies":["module.rds_instance_db.aws_db_parameter_group.params","module.rds_instance_db.aws_db_subnet_group.subnets","module.rds_instance_db.module.rds_sg.aws_security_group.sg","module.rds_instance_db.module.rds_sg.aws_security_group_rule.egresses","module.rds_instance_db.module.rds_sg.aws_security_group_rule.ingresses","module.rds_instance_db.null_resource.snapshot_id_trigger","module.rds_instance_db.random_string.default_pw","module.rds_instance_db.random_uuid.snapshot","module.vpc.aws_subnet.compute","module.vpc.aws_vpc.main"]}]},{"module":"module.rds_instance_db","mode":"managed","type":"aws_db_parameter_group","name":"params","provider":"provider[\"registry.opentofu.org/hashicorp/aws\"]","instances":[{"schema_version":0,"attributes":{"arn":"arn:aws:rds:us-east-1:637271283041:pg:test","description":"Managed by Terraform","family":"postgres18","id":"test","name":"test","name_prefix":"","parameter":[],"region":"us-east-1","skip_destroy":false,"tags":{},"tags_all":{"Billing":"tf-integration-test","Environment":"tf-integration-test"}},"sensitive_attributes":[],"private":"bnVsbA==","create_before_destroy":true}]},{"module":"module.rds_instance_db","mode":"managed","type":"aws_db_subnet_group","name":"subnets","provider":"provider[\"registry.opentofu.org/hashicorp/aws\"]","instances":[{"schema_version":0,"attributes":{"arn":"arn:aws:rds:us-east-1:637271283041:subgrp:rds-instance-test","description":"Managed by Terraform","id":"rds-instance-test","name":"rds-instance-test","name_prefix":"","region":"us-east-1","subnet_ids":["subnet-087278b8d2c4176ef","subnet-0fb9ed556276b18d9"],"supported_network_types":["IPV4"],"tags":{"Name":"rds-instance-test"},"tags_all":{"Billing":"tf-integration-test","Environment":"tf-integration-test","Name":"rds-instance-test"},"vpc_id":"vpc-001f1a37d25d3299d"},"sensitive_attributes":[],"private":"bnVsbA==","dependencies":["module.vpc.aws_subnet.compute","module.vpc.aws_vpc.main"]}]},{"module":"module.rds_instance_db","mode":"managed","type":"null_resource","name":"snapshot_id_trigger","provider":"provider[\"registry.opentofu.org/hashicorp/null\"]","instances":[]},{"module":"module.rds_instance_db","mode":"managed","type":"random_string","name":"default_pw","provider":"provider[\"registry.opentofu.org/hashicorp/random\"]","instances":[{"schema_version":2,"attributes":{"id":"7dgbFKkoiB3UCcVa","keepers":null,"length":16,"lower":true,"min_lower":0,"min_numeric":0,"min_special":0,"min_upper":0,"number":true,"numeric":true,"override_special":null,"result":"7dgbFKkoiB3UCcVa","special":false,"upper":true},"sensitive_attributes":[]}]},{"module":"module.rds_instance_db","mode":"managed","type":"random_uuid","name":"snapshot","provider":"provider[\"registry.opentofu.org/hashicorp/random\"]","instances":[]},{"module":"module.rds_instance_db.module.admin_connection_info","mode":"data","type":"aws_caller_identity","name":"current","provider":"provider[\"registry.opentofu.org/hashicorp/aws\"]","instances":[{"schema_version":0,"attributes":{"account_id":"637271283041","arn":"arn:aws:iam::637271283041:user/pgrasso-dev","id":"637271283041","user_id":"AIDAZIYCUCVQ6J4L3JUDE"},"sensitive_attributes":[]}]},{"module":"module.rds_instance_db.module.admin_connection_info","mode":"data","type":"aws_partition","name":"current","provider":"provider[\"registry.opentofu.org/hashicorp/aws\"]","instances":[{"schema_version":0,"attributes":{"dns_suffix":"amazonaws.com","id":"aws","partition":"aws","reverse_dns_prefix":"com.amazonaws"},"sensitive_attributes":[]}]},{"module":"module.rds_instance_db.module.admin_connection_info","mode":"data","type":"aws_region","name":"current","provider":"provider[\"registry.opentofu.org/hashicorp/aws\"]","instances":[{"schema_version":0,"attributes":{"description":"US East (N. Virginia)","endpoint":"ec2.us-east-1.amazonaws.com","id":"us-east-1","name":"us-east-1","region":"us-east-1"},"sensitive_attributes":[]}]},{"module":"module.rds_instance_db.module.admin_connection_info","mode":"managed","type":"aws_secretsmanager_secret","name":"secret","provider":"provider[\"registry.opentofu.org/hashicorp/aws\"]","instances":[{"index_key":0,"schema_version":0,"attributes":{"arn":"arn:aws:secretsmanager:us-east-1:637271283041:secret:rds-instance-test-admin-login-BGAlAo","description":"","force_overwrite_replica_secret":false,"id":"arn:aws:secretsmanager:us-east-1:637271283041:secret:rds-instance-test-admin-login-BGAlAo","kms_key_id":"a9003c62-5b79-443c-91aa-798d8038ccaa","name":"rds-instance-test-admin-login","name_prefix":"","policy":"{\"Statement\":[{\"Action\":\"secretsmanager:*\",\"Effect\":\"Allow\",\"Principal\":{\"AWS\":\"arn:aws:sts::637271283041:federated-user/root\"},\"Resource\":\"*\"}],\"Version\":\"2012-10-17\"}","recovery_window_in_days":0,"region":"us-east-1","replica":[],"tags":{},"tags_all":{"Billing":"tf-integration-test","Environment":"tf-integration-test"}},"sensitive_attributes":[],"private":"bnVsbA==","dependencies":["module.rds_instance_db.aws_db_instance.db","module.rds_instance_db.aws_db_parameter_group.params","module.rds_instance_db.aws_db_subnet_group.subnets","module.rds_instance_db.module.admin_connection_info.aws_kms_key.key","module.rds_instance_db.module.admin_connection_info.data.aws_caller_identity.current","module.rds_instance_db.module.admin_connection_info.data.aws_partition.current","module.rds_instance_db.module.rds_sg.aws_security_group.sg","module.rds_instance_db.module.rds_sg.aws_security_group_rule.egresses","module.rds_instance_db.module.rds_sg.aws_security_group_rule.ingresses","module.rds_instance_db.null_resource.snapshot_id_trigger","module.rds_instance_db.random_string.default_pw","module.rds_instance_db.random_uuid.snapshot","module.vpc.aws_subnet.compute","module.vpc.aws_vpc.main"]}]},{"module":"module.rds_instance_db.module.admin_connection_info","mode":"managed","type":"aws_secretsmanager_secret_version","name":"secret","provider":"provider[\"registry.opentofu.org/hashicorp/aws\"]","instances":[{"index_key":0,"schema_version":0,"attributes":{"arn":"arn:aws:secretsmanager:us-east-1:637271283041:secret:rds-instance-test-admin-login-BGAlAo","has_secret_string_wo":null,"id":"arn:aws:secretsmanager:us-east-1:637271283041:secret:rds-instance-test-admin-login-BGAlAo|terraform-20260426183948556100000002","region":"us-east-1","secret_binary":"","secret_id":"arn:aws:secretsmanager:us-east-1:637271283041:secret:rds-instance-test-admin-login-BGAlAo","secret_string":"{\"dbClusterIdentifier\":null,\"dbame\":null,\"engine\":\"postgres\",\"host\":\"rds-instance-test.cx4rfqzuzafj.us-east-1.rds.amazonaws.com\",\"password\":\"7dgbFKkoiB3UCcVa\",\"port\":5432,\"username\":\"main\"}","secret_string_wo":null,"secret_string_wo_version":null,"version_id":"terraform-20260426183948556100000002","version_stages":["AWSCURRENT"]},"sensitive_attributes":[[{"type":"get_attr","value":"secret_string"}],[{"type":"get_attr","value":"secret_binary"}],[{"type":"get_attr","value":"secret_string_wo"}]],"private":"bnVsbA==","dependencies":["module.rds_instance_db.aws_db_instance.db","module.rds_instance_db.aws_db_parameter_group.params","module.rds_instance_db.aws_db_subnet_group.subnets","module.rds_instance_db.module.admin_connection_info.aws_kms_key.key","module.rds_instance_db.module.admin_connection_info.aws_secretsmanager_secret.secret","module.rds_instance_db.module.admin_connection_info.data.aws_caller_identity.current","module.rds_instance_db.module.admin_connection_info.data.aws_partition.current","module.rds_instance_db.module.rds_sg.aws_security_group.sg","module.rds_instance_db.module.rds_sg.aws_security_group_rule.egresses","module.rds_instance_db.module.rds_sg.aws_security_group_rule.ingresses","module.rds_instance_db.null_resource.snapshot_id_trigger","module.rds_instance_db.random_string.default_pw","module.rds_instance_db.random_uuid.snapshot","module.vpc.aws_subnet.compute","module.vpc.aws_vpc.main"]}]},{"module":"module.rds_instance_db.module.rds_sg[0]","mode":"managed","type":"aws_security_group","name":"sg","provider":"provider[\"registry.opentofu.org/hashicorp/aws\"]","instances":[{"schema_version":1,"attributes":{"arn":"arn:aws:ec2:us-east-1:637271283041:security-group/sg-0980fdb7a7959d627","description":"Managed by Terraform","egress":[],"id":"sg-0980fdb7a7959d627","ingress":[],"name":"rds-instance-test-rds-access","name_prefix":"","owner_id":"637271283041","region":"us-east-1","revoke_rules_on_delete":false,"tags":null,"tags_all":{"Billing":"tf-integration-test","Environment":"tf-integration-test"},"timeouts":null,"vpc_id":"vpc-001f1a37d25d3299d"},"sensitive_attributes":[],"private":"eyJlMmJmYjczMC1lY2FhLTExZTYtOGY4OC0zNDM2M2JjN2M0YzAiOnsiY3JlYXRlIjo2MDAwMDAwMDAwMDAsImRlbGV0ZSI6OTAwMDAwMDAwMDAwfSwic2NoZW1hX3ZlcnNpb24iOiIxIn0=","dependencies":["module.vpc.aws_subnet.compute","module.vpc.aws_vpc.main"]}]},{"module":"module.vpc","mode":"data","type":"aws_caller_identity","name":"current","provider":"provider[\"registry.opentofu.org/hashicorp/aws\"]","instances":[{"schema_version":0,"attributes":{"account_id":"637271283041","arn":"arn:aws:iam::637271283041:user/pgrasso-dev","id":"637271283041","user_id":"AIDAZIYCUCVQ6J4L3JUDE"},"sensitive_attributes":[]}]},{"module":"module.vpc","mode":"data","type":"aws_iam_policy_document","name":"assume_role_logging","provider":"provider[\"registry.opentofu.org/hashicorp/aws\"]","instances":[{"schema_version":0,"attributes":{"id":"2717921857","json":"{\n  \"Version\": \"2012-10-17\",\n  \"Statement\": [\n    {\n      \"Effect\": \"Allow\",\n      \"Action\": \"sts:AssumeRole\",\n      \"Principal\": {\n        \"Service\": \"vpc-flow-logs.amazonaws.com\"\n      }\n    }\n  ]\n}","minified_json":"{\"Version\":\"2012-10-17\",\"Statement\":[{\"Effect\":\"Allow\",\"Action\":\"sts:AssumeRole\",\"Principal\":{\"Service\":\"vpc-flow-logs.amazonaws.com\"}}]}","override_json":null,"override_policy_documents":null,"policy_id":null,"source_json":null,"source_policy_documents":null,"statement":[{"actions":["sts:AssumeRole"],"condition":[],"effect":"Allow","not_actions":[],"not_principals":[],"not_resources":[],"principals":[{"identifiers":["vpc-flow-logs.amazonaws.com"],"type":"Service"}],"resources":[],"sid":""}],"version":"2012-10-17"},"sensitive_attributes":[]}]},{"module":"module.vpc","mode":"data","type":"aws_partition","name":"current","provider":"provider[\"registry.opentofu.org/hashicorp/aws\"]","instances":[{"schema_version":0,"attributes":{"dns_suffix":"amazonaws.com","id":"aws","partition":"aws","reverse_dns_prefix":"com.amazonaws"},"sensitive_attributes":[]}]},{"module":"module.vpc","mode":"data","type":"aws_region","name":"current","provider":"provider[\"registry.opentofu.org/hashicorp/aws\"]","instances":[{"schema_version":0,"attributes":{"description":"US East (N. Virginia)","endpoint":"ec2.us-east-1.amazonaws.com","id":"us-east-1","name":"us-east-1","region":"us-east-1"},"sensitive_attributes":[]}]},{"module":"module.vpc","mode":"managed","type":"aws_default_route_table","name":"primary","provider":"provider[\"registry.opentofu.org/hashicorp/aws\"]","instances":[{"schema_version":0,"attributes":{"arn":"arn:aws:ec2:us-east-1:637271283041:route-table/rtb-013e1b9da7b878903","default_route_table_id":"rtb-013e1b9da7b878903","id":"rtb-013e1b9da7b878903","owner_id":"637271283041","propagating_vgws":[],"region":"us-east-1","route":[],"tags":{"Name":"private-vpc-test-default"},"tags_all":{"Billing":"tf-integration-test","Environment":"tf-integration-test","Name":"private-vpc-test-default"},"timeouts":null,"vpc_id":"vpc-001f1a37d25d3299d"},"sensitive_attributes":[],"private":"eyJlMmJmYjczMC1lY2FhLTExZTYtOGY4OC0zNDM2M2JjN2M0YzAiOnsiY3JlYXRlIjoxMjAwMDAwMDAwMDAsInVwZGF0ZSI6MTIwMDAwMDAwMDAwfX0=","dependencies":["module.vpc.aws_vpc.main"]}]},{"module":"module.vpc","mode":"managed","type":"aws_egress_only_internet_gateway","name":"private_ipv6_egress","provider":"provider[\"registry.opentofu.org/hashicorp/aws\"]","instances":[{"schema_version":0,"attributes":{"id":"eigw-0e1ecd60289a36c05","region":"us-east-1","tags":{"Name":"private-vpc-test-ipv6-private-egress"},"tags_all":{"Billing":"tf-integration-test","Environment":"tf-integration-test","Name":"private-vpc-test-ipv6-private-egress"},"vpc_id":"vpc-001f1a37d25d3299d"},"sensitive_attributes":[],"private":"bnVsbA==","dependencies":["module.vpc.aws_vpc.main"]}]},{"module":"module.vpc","mode":"managed","type":"aws_route_table_association","name":"compute","provider":"provider[\"registry.opentofu.org/hashicorp/aws\"]","instances":[{"index_key":0,"schema_version":0,"attributes":{"gateway_id":"","id":"rtbassoc-03b9accead5e2621c","region":"us-east-1","route_table_id":"rtb-013e1b9da7b878903","subnet_id":"subnet-087278b8d2c4176ef","timeouts":null},"sensitive_attributes":[],"private":"eyJlMmJmYjczMC1lY2FhLTExZTYtOGY4OC0zNDM2M2JjN2M0YzAiOnsiY3JlYXRlIjozMDAwMDAwMDAwMDAsImRlbGV0ZSI6MzAwMDAwMDAwMDAwLCJ1cGRhdGUiOjEyMDAwMDAwMDAwMH19","dependencies":["module.vpc.aws_default_route_table.primary","module.vpc.aws_route_table.internal","module.vpc.aws_subnet.compute","module.vpc.aws_vpc.main"]},{"index_key":1,"schema_version":0,"attributes":{"gateway_id":"","id":"rtbassoc-03a2eacdac0f3e8e3","region":"us-east-1","route_table_id":"rtb-013e1b9da7b878903","subnet_id":"subnet-0fb9ed556276b18d9","timeouts":null},"sensitive_attributes":[],"private":"eyJlMmJmYjczMC1lY2FhLTExZTYtOGY4OC0zNDM2M2JjN2M0YzAiOnsiY3JlYXRlIjozMDAwMDAwMDAwMDAsImRlbGV0ZSI6MzAwMDAwMDAwMDAwLCJ1cGRhdGUiOjEyMDAwMDAwMDAwMH19","dependencies":["module.vpc.aws_default_route_table.primary","module.vpc.aws_route_table.internal","module.vpc.aws_subnet.compute","module.vpc.aws_vpc.main"]}]},{"module":"module.vpc","mode":"managed","type":"aws_route_table_association","name":"ingress","provider":"provider[\"registry.opentofu.org/hashicorp/aws\"]","instances":[{"index_key":0,"schema_version":0,"attributes":{"gateway_id":"","id":"rtbassoc-0ae2ee3c0a540ebf5","region":"us-east-1","route_table_id":"rtb-013e1b9da7b878903","subnet_id":"subnet-0dbcd46ba72486097","timeouts":null},"sensitive_attributes":[],"private":"eyJlMmJmYjczMC1lY2FhLTExZTYtOGY4OC0zNDM2M2JjN2M0YzAiOnsiY3JlYXRlIjozMDAwMDAwMDAwMDAsImRlbGV0ZSI6MzAwMDAwMDAwMDAwLCJ1cGRhdGUiOjEyMDAwMDAwMDAwMH19","dependencies":["module.vpc.aws_default_route_table.primary","module.vpc.aws_subnet.ingress","module.vpc.aws_vpc.main"]},{"index_key":1,"schema_version":0,"attributes":{"gateway_id":"","id":"rtbassoc-0372a000dd3edb388","region":"us-east-1","route_table_id":"rtb-013e1b9da7b878903","subnet_id":"subnet-013975ae0cdc0e27c","timeouts":null},"sensitive_attributes":[],"private":"eyJlMmJmYjczMC1lY2FhLTExZTYtOGY4OC0zNDM2M2JjN2M0YzAiOnsiY3JlYXRlIjozMDAwMDAwMDAwMDAsImRlbGV0ZSI6MzAwMDAwMDAwMDAwLCJ1cGRhdGUiOjEyMDAwMDAwMDAwMH19","dependencies":["module.vpc.aws_default_route_table.primary","module.vpc.aws_subnet.ingress","module.vpc.aws_vpc.main"]}]},{"module":"module.vpc","mode":"managed","type":"aws_subnet","name":"compute","provider":"provider[\"registry.opentofu.org/hashicorp/aws\"]","instances":[{"index_key":0,"schema_version":1,"attributes":{"arn":"arn:aws:ec2:us-east-1:637271283041:subnet/subnet-087278b8d2c4176ef","assign_ipv6_address_on_creation":false,"availability_zone":"us-east-1a","availability_zone_id":"use1-az2","cidr_block":"172.31.1.0/25","customer_owned_ipv4_pool":"","enable_dns64":false,"enable_lni_at_device_index":0,"enable_resource_name_dns_a_record_on_launch":false,"enable_resource_name_dns_aaaa_record_on_launch":false,"id":"subnet-087278b8d2c4176ef","ipv4_ipam_pool_id":null,"ipv4_netmask_length":null,"ipv6_cidr_block":"","ipv6_cidr_block_association_id":"","ipv6_ipam_pool_id":null,"ipv6_native":false,"ipv6_netmask_length":null,"map_customer_owned_ip_on_launch":false,"map_public_ip_on_launch":false,"outpost_arn":"","owner_id":"637271283041","private_dns_hostname_type_on_launch":"ip-name","region":"us-east-1","tags":{"Name":"private-vpc-test-Compute-1"},"tags_all":{"Billing":"tf-integration-test","Environment":"tf-integration-test","Name":"private-vpc-test-Compute-1"},"timeouts":null,"vpc_id":"vpc-001f1a37d25d3299d"},"sensitive_attributes":[],"private":"eyJlMmJmYjczMC1lY2FhLTExZTYtOGY4OC0zNDM2M2JjN2M0YzAiOnsiY3JlYXRlIjo2MDAwMDAwMDAwMDAsImRlbGV0ZSI6MTIwMDAwMDAwMDAwMH0sInNjaGVtYV92ZXJzaW9uIjoiMSJ9","dependencies":["module.vpc.aws_vpc.main"]},{"index_key":1,"schema_version":1,"attributes":{"arn":"arn:aws:ec2:us-east-1:637271283041:subnet/subnet-0fb9ed556276b18d9","assign_ipv6_address_on_creation":false,"availability_zone":"us-east-1b","availability_zone_id":"use1-az4","cidr_block":"172.31.1.128/25","customer_owned_ipv4_pool":"","enable_dns64":false,"enable_lni_at_device_index":0,"enable_resource_name_dns_a_record_on_launch":false,"enable_resource_name_dns_aaaa_record_on_launch":false,"id":"subnet-0fb9ed556276b18d9","ipv4_ipam_pool_id":null,"ipv4_netmask_length":null,"ipv6_cidr_block":"","ipv6_cidr_block_association_id":"","ipv6_ipam_pool_id":null,"ipv6_native":false,"ipv6_netmask_length":null,"map_customer_owned_ip_on_launch":false,"map_public_ip_on_launch":false,"outpost_arn":"","owner_id":"637271283041","private_dns_hostname_type_on_launch":"ip-name","region":"us-east-1","tags":{"Name":"private-vpc-test-Compute-2"},"tags_all":{"Billing":"tf-integration-test","Environment":"tf-integration-test","Name":"private-vpc-test-Compute-2"},"timeouts":null,"vpc_id":"vpc-001f1a37d25d3299d"},"sensitive_attributes":[],"private":"eyJlMmJmYjczMC1lY2FhLTExZTYtOGY4OC0zNDM2M2JjN2M0YzAiOnsiY3JlYXRlIjo2MDAwMDAwMDAwMDAsImRlbGV0ZSI6MTIwMDAwMDAwMDAwMH0sInNjaGVtYV92ZXJzaW9uIjoiMSJ9","dependencies":["module.vpc.aws_vpc.main"]}]},{"module":"module.vpc","mode":"managed","type":"aws_subnet","name":"ingress","provider":"provider[\"registry.opentofu.org/hashicorp/aws\"]","instances":[{"index_key":0,"schema_version":1,"attributes":{"arn":"arn:aws:ec2:us-east-1:637271283041:subnet/subnet-0dbcd46ba72486097","assign_ipv6_address_on_creation":false,"availability_zone":"us-east-1a","availability_zone_id":"use1-az2","cidr_block":"172.31.0.0/27","customer_owned_ipv4_pool":"","enable_dns64":false,"enable_lni_at_device_index":0,"enable_resource_name_dns_a_record_on_launch":false,"enable_resource_name_dns_aaaa_record_on_launch":false,"id":"subnet-0dbcd46ba72486097","ipv4_ipam_pool_id":null,"ipv4_netmask_length":null,"ipv6_cidr_block":"","ipv6_cidr_block_association_id":"","ipv6_ipam_pool_id":null,"ipv6_native":false,"ipv6_netmask_length":null,"map_customer_owned_ip_on_launch":false,"map_public_ip_on_launch":false,"outpost_arn":"","owner_id":"637271283041","private_dns_hostname_type_on_launch":"ip-name","region":"us-east-1","tags":{"Name":"private-vpc-test-Ingress-1"},"tags_all":{"Billing":"tf-integration-test","Environment":"tf-integration-test","Name":"private-vpc-test-Ingress-1"},"timeouts":null,"vpc_id":"vpc-001f1a37d25d3299d"},"sensitive_attributes":[],"private":"eyJlMmJmYjczMC1lY2FhLTExZTYtOGY4OC0zNDM2M2JjN2M0YzAiOnsiY3JlYXRlIjo2MDAwMDAwMDAwMDAsImRlbGV0ZSI6MTIwMDAwMDAwMDAwMH0sInNjaGVtYV92ZXJzaW9uIjoiMSJ9","dependencies":["module.vpc.aws_vpc.main"]},{"index_key":1,"schema_version":1,"attributes":{"arn":"arn:aws:ec2:us-east-1:637271283041:subnet/subnet-013975ae0cdc0e27c","assign_ipv6_address_on_creation":false,"availability_zone":"us-east-1b","availability_zone_id":"use1-az4","cidr_block":"172.31.0.32/27","customer_owned_ipv4_pool":"","enable_dns64":false,"enable_lni_at_device_index":0,"enable_resource_name_dns_a_record_on_launch":false,"enable_resource_name_dns_aaaa_record_on_launch":false,"id":"subnet-013975ae0cdc0e27c","ipv4_ipam_pool_id":null,"ipv4_netmask_length":null,"ipv6_cidr_block":"","ipv6_cidr_block_association_id":"","ipv6_ipam_pool_id":null,"ipv6_native":false,"ipv6_netmask_length":null,"map_customer_owned_ip_on_launch":false,"map_public_ip_on_launch":false,"outpost_arn":"","owner_id":"637271283041","private_dns_hostname_type_on_launch":"ip-name","region":"us-east-1","tags":{"Name":"private-vpc-test-Ingress-2"},"tags_all":{"Billing":"tf-integration-test","Environment":"tf-integration-test","Name":"private-vpc-test-Ingress-2"},"timeouts":null,"vpc_id":"vpc-001f1a37d25d3299d"},"sensitive_attributes":[],"private":"eyJlMmJmYjczMC1lY2FhLTExZTYtOGY4OC0zNDM2M2JjN2M0YzAiOnsiY3JlYXRlIjo2MDAwMDAwMDAwMDAsImRlbGV0ZSI6MTIwMDAwMDAwMDAwMH0sInNjaGVtYV92ZXJzaW9uIjoiMSJ9","dependencies":["module.vpc.aws_vpc.main"]}]},{"module":"module.vpc","mode":"managed","type":"aws_vpc","name":"main","provider":"provider[\"registry.opentofu.org/hashicorp/aws\"]","instances":[{"schema_version":1,"attributes":{"arn":"arn:aws:ec2:us-east-1:637271283041:vpc/vpc-001f1a37d25d3299d","assign_generated_ipv6_cidr_block":false,"cidr_block":"172.31.0.0/16","default_network_acl_id":"acl-04b8b3f354b5e6f40","default_route_table_id":"rtb-013e1b9da7b878903","default_security_group_id":"sg-00c5550b52600d2f8","dhcp_options_id":"dopt-19ad947d","enable_dns_hostnames":true,"enable_dns_support":true,"enable_network_address_usage_metrics":false,"id":"vpc-001f1a37d25d3299d","instance_tenancy":"default","ipv4_ipam_pool_id":null,"ipv4_netmask_length":null,"ipv6_association_id":"","ipv6_cidr_block":"","ipv6_cidr_block_network_border_group":"","ipv6_ipam_pool_id":"","ipv6_netmask_length":0,"main_route_table_id":"rtb-013e1b9da7b878903","owner_id":"637271283041","region":"us-east-1","tags":{"Name":"private-vpc-test"},"tags_all":{"Billing":"tf-integration-test","Environment":"tf-integration-test","Name":"private-vpc-test"}},"sensitive_attributes":[],"private":"eyJzY2hlbWFfdmVyc2lvbiI6IjEifQ=="}]},{"module":"module.vpc","mode":"managed","type":"aws_vpc_endpoint","name":"gateway_endpoints","provider":"provider[\"registry.opentofu.org/hashicorp/aws\"]","instances":[{"index_key":0,"schema_version":0,"attributes":{"arn":"arn:aws:ec2:us-east-1:637271283041:vpc-endpoint/vpce-0ad9a0e6319f56795","auto_accept":null,"cidr_blocks":["16.15.176.0/20","16.182.0.0/16","18.34.0.0/19","52.216.0.0/15","54.231.0.0/16","3.5.0.0/19","18.34.232.0/21","16.15.192.0/18"],"dns_entry":[],"dns_options":[{"dns_record_ip_type":"service-defined","private_dns_only_for_inbound_resolver_endpoint":false,"private_dns_preference":"","private_dns_specified_domains":[]}],"id":"vpce-0ad9a0e6319f56795","ip_address_type":"ipv4","network_interface_ids":[],"owner_id":"637271283041","policy":"{\"Statement\":[{\"Action\":\"*\",\"Effect\":\"Allow\",\"Principal\":\"*\",\"Resource\":\"*\"}],\"Version\":\"2008-10-17\"}","prefix_list_id":"pl-63a5400a","private_dns_enabled":false,"region":"us-east-1","requester_managed":false,"resource_configuration_arn":"","route_table_ids":["rtb-013e1b9da7b878903"],"security_group_ids":[],"service_name":"com.amazonaws.us-east-1.s3","service_network_arn":"","service_region":"us-east-1","state":"available","subnet_configuration":[],"subnet_ids":[],"tags":{},"tags_all":{"Billing":"tf-integration-test","Environment":"tf-integration-test"},"timeouts":null,"vpc_endpoint_type":"Gateway","vpc_id":"vpc-001f1a37d25d3299d"},"sensitive_attributes":[],"private":"eyJlMmJmYjczMC1lY2FhLTExZTYtOGY4OC0zNDM2M2JjN2M0YzAiOnsiY3JlYXRlIjo2MDAwMDAwMDAwMDAsImRlbGV0ZSI6NjAwMDAwMDAwMDAwLCJ1cGRhdGUiOjYwMDAwMDAwMDAwMH19","dependencies":["module.vpc.aws_default_route_table.primary","module.vpc.aws_route_table.internal","module.vpc.aws_vpc.main","module.vpc.data.aws_region.current"]},{"index_key":1,"schema_version":0,"attributes":{"arn":"arn:aws:ec2:us-east-1:637271283041:vpc-endpoint/vpce-0969c743ba8ce697a","auto_accept":null,"cidr_blocks":["35.71.70.0/24","3.218.182.0/24","3.218.180.0/23","35.71.68.0/23","52.94.0.0/22","52.119.224.0/20"],"dns_entry":[],"dns_options":[{"dns_record_ip_type":"service-defined","private_dns_only_for_inbound_resolver_endpoint":false,"private_dns_preference":"","private_dns_specified_domains":[]}],"id":"vpce-0969c743ba8ce697a","ip_address_type":"ipv4","network_interface_ids":[],"owner_id":"637271283041","policy":"{\"Statement\":[{\"Action\":\"*\",\"Effect\":\"Allow\",\"Principal\":\"*\",\"Resource\":\"*\"}],\"Version\":\"2008-10-17\"}","prefix_list_id":"pl-02cd2c6b","private_dns_enabled":false,"region":"us-east-1","requester_managed":false,"resource_configuration_arn":"","route_table_ids":["rtb-013e1b9da7b878903"],"security_group_ids":[],"service_name":"com.amazonaws.us-east-1.dynamodb","service_network_arn":"","service_region":"us-east-1","state":"available","subnet_configuration":[],"subnet_ids":[],"tags":{},"tags_all":{"Billing":"tf-integration-test","Environment":"tf-integration-test"},"timeouts":null,"vpc_endpoint_type":"Gateway","vpc_id":"vpc-001f1a37d25d3299d"},"sensitive_attributes":[],"private":"eyJlMmJmYjczMC1lY2FhLTExZTYtOGY4OC0zNDM2M2JjN2M0YzAiOnsiY3JlYXRlIjo2MDAwMDAwMDAwMDAsImRlbGV0ZSI6NjAwMDAwMDAwMDAwLCJ1cGRhdGUiOjYwMDAwMDAwMDAwMH19","dependencies":["module.vpc.aws_default_route_table.primary","module.vpc.aws_route_table.internal","module.vpc.aws_vpc.main","module.vpc.data.aws_region.current"]}]}],"check_results":null}
